
Microsoft Visual Studio Solution File, Format Version 12.00
# Visual Studio Version 17
VisualStudioVersion = 17.1.32328.378
MinimumVisualStudioVersion = 10.0.40219.1
Project("{2150E333-8FDC-42A3-9474-1A3956D46DE8}") = "src", "src", "{03C8F243-8B03-474F-BFA9-F475608D5085}"
EndProject
Project("{FAE04EC0-301F-11D3-BF4B-00C04F79EFBC}") = "XEngram", "src\XEngram\XEngram.csproj", "{635F390B-FFDE-48DE-A0C7-24895EDD4312}"
EndProject
Global
	GlobalSection(SolutionProperties) = preSolution
		HideSolutionNode = FALSE
	EndGlobalSection
	GlobalSection(ExtensibilityGlobals) = postSolution
		SolutionGuid = {C0E2136F-E864-4C85-B6A6-90D4CD66C42C}
	EndGlobalSection
	GlobalSection(SolutionConfigurationPlatforms) = preSolution
		Debug|Any CPU = Debug|Any CPU
		Debug|x64 = Debug|x64
		Debug|x86 = Debug|x86
		Release|Any CPU = Release|Any CPU
		Release|x64 = Release|x64
		Release|x86 = Release|x86
	EndGlobalSection
	GlobalSection(ProjectConfigurationPlatforms) = postSolution
		{635F390B-FFDE-48DE-A0C7-24895EDD4312}.Debug|Any CPU.ActiveCfg = Debug|Any CPU
		{635F390B-FFDE-48DE-A0C7-24895EDD4312}.Debug|Any CPU.Build.0 = Debug|Any CPU
		{635F390B-FFDE-48DE-A0C7-24895EDD4312}.Debug|x64.ActiveCfg = Debug|Any CPU
		{635F390B-FFDE-48DE-A0C7-24895EDD4312}.Debug|x64.Build.0 = Debug|Any CPU
		{635F390B-FFDE-48DE-A0C7-24895EDD4312}.Debug|x86.ActiveCfg = Debug|Any CPU
		{635F390B-FFDE-48DE-A0C7-24895EDD4312}.Debug|x86.Build.0 = Debug|Any CPU
		{635F390B-FFDE-48DE-A0C7-24895EDD4312}.Release|Any CPU.ActiveCfg = Release|Any CPU
		{635F390B-FFDE-48DE-A0C7-24895EDD4312}.Release|Any CPU.Build.0 = Release|Any CPU
		{635F390B-FFDE-48DE-A0C7-24895EDD4312}.Release|x64.ActiveCfg = Release|Any CPU
		{635F390B-FFDE-48DE-A0C7-24895EDD4312}.Release|x64.Build.0 = Release|Any CPU
		{635F390B-FFDE-48DE-A0C7-24895EDD4312}.Release|x86.ActiveCfg = Release|Any CPU
		{635F390B-FFDE-48DE-A0C7-24895EDD4312}.Release|x86.Build.0 = Release|Any CPU
	EndGlobalSection
	GlobalSection(NestedProjects) = preSolution
		{635F390B-FFDE-48DE-A0C7-24895EDD4312} = {03C8F243-8B03-474F-BFA9-F475608D5085}
	EndGlobalSection
EndGlobal
